{
  "name": "discv5-test",
  "version": "1.0.0",
  "lockfileVersion": 2,
  "requires": true,
  "packages": {
    "": {
      "name": "discv5-test",
      "version": "1.0.0",
      "license": "ISC",
      "dependencies": {
        "@chainsafe/discv5": "^5.1.2",
        "@libp2p/peer-id-factory": "^3.0.8",
        "@multiformats/multiaddr": "^12.1.10",
        "debug": "^4.3.4",
        "ip": "^1.1.8",
        "uint8arrays": "^4.0.6"
      }
    },
    "node_modules/@chainsafe/discv5": {
      "version": "5.1.2",
      "resolved": "https://registry.npmmirror.com/@chainsafe/discv5/-/discv5-5.1.2.tgz",
      "integrity": "sha512-DiyccUIRojCR9kHfkGeTKaboLUVRjc1bhfGskWmsBISbT4UlQ+vV8RXmCNTBCvC+0W93cv4djmsOA0uzhQyINA==",
      "dependencies": {
        "@libp2p/crypto": "^2.0.0",
        "@libp2p/interface": "^0.1.2",
        "@libp2p/peer-id": "^3.0.1",
        "@multiformats/multiaddr": "^12.1.3",
        "base64url": "^3.0.1",
        "bcrypto": "^5.4.0",
        "bigint-buffer": "^1.1.5",
        "debug": "^4.3.1",
        "err-code": "^3.0.1",
        "lru-cache": "^6.0.0",
        "rlp": "^2.2.6",
        "strict-event-emitter-types": "^2.0.0",
        "uint8-varint": "^2.0.1"
      }
    },
    "node_modules/@chainsafe/is-ip": {
      "version": "2.0.2",
      "resolved": "https://registry.npmmirror.com/@chainsafe/is-ip/-/is-ip-2.0.2.tgz",
      "integrity": "sha512-ndGqEMG1W5WkGagaqOZHpPU172AGdxr+LD15sv3WIUvT5oCFUrG1Y0CW/v2Egwj4JXEvSibaIIIqImsm98y1nA=="
    },
    "node_modules/@chainsafe/netmask": {
      "version": "2.0.0",
      "resolved": "https://registry.npmmirror.com/@chainsafe/netmask/-/netmask-2.0.0.tgz",
      "integrity": "sha512-I3Z+6SWUoaljh3TBzCnCxjlUyN8tA+NAk5L6m9IxvCf1BENQTePzPMis97CoN/iMW1St3WN+AWCCRp+TTBRiDg==",
      "dependencies": {
        "@chainsafe/is-ip": "^2.0.1"
      }
    },
    "node_modules/@libp2p/crypto": {
      "version": "2.0.8",
      "resolved": "https://registry.npmmirror.com/@libp2p/crypto/-/crypto-2.0.8.tgz",
      "integrity": "sha512-8e5fh6bsJNpSjhrggtlm8QF+BERjelJswIjRS69aKgxp24R4z2kDM4pRYPkfQjXJDLNDtqWtKNmePgX23+QJsA==",
      "dependencies": {
        "@libp2p/interface": "^0.1.6",
        "@noble/curves": "^1.1.0",
        "@noble/hashes": "^1.3.1",
        "multiformats": "^12.0.1",
        "node-forge": "^1.1.0",
        "protons-runtime": "^5.0.0",
        "uint8arraylist": "^2.4.3",
        "uint8arrays": "^4.0.6"
      }
    },
    "node_modules/@libp2p/interface": {
      "version": "0.1.6",
      "resolved": "https://registry.npmmirror.com/@libp2p/interface/-/interface-0.1.6.tgz",
      "integrity": "sha512-Lzc5cS/hXuoXhuAbVIxJIHLCYmfPcbU0vVgrpMoiP1Qb2Q3ETU4A46GB8s8mWXgSU6tr9RcqerUqzFYD6+OAag==",
      "dependencies": {
        "@multiformats/multiaddr": "^12.1.5",
        "abortable-iterator": "^5.0.1",
        "it-pushable": "^3.2.0",
        "it-stream-types": "^2.0.1",
        "multiformats": "^12.0.1",
        "p-defer": "^4.0.0",
        "race-signal": "^1.0.0",
        "uint8arraylist": "^2.4.3"
      }
    },
    "node_modules/@libp2p/peer-id": {
      "version": "3.0.6",
      "resolved": "https://registry.npmmirror.com/@libp2p/peer-id/-/peer-id-3.0.6.tgz",
      "integrity": "sha512-iN1Ia5gH2U1V/GOVRmLHmVY6fblxzrOPUoZrMYjHl/K4s+AiI7ym/527WDeQvhQpD7j3TfDwcAYforD2dLGpLw==",
      "dependencies": {
        "@libp2p/interface": "^0.1.6",
        "multiformats": "^12.0.1",
        "uint8arrays": "^4.0.6"
      }
    },
    "node_modules/@libp2p/peer-id-factory": {
      "version": "3.0.8",
      "resolved": "https://registry.npmmirror.com/@libp2p/peer-id-factory/-/peer-id-factory-3.0.8.tgz",
      "integrity": "sha512-T0pOKWwFw01GqpeA03RRztG2qr0Zl2cSdt20d/WQ+BAjyrJNr7PSBTXux3nRGGdmzoUfJTJU6f992PDtq1z/mQ==",
      "dependencies": {
        "@libp2p/crypto": "^2.0.8",
        "@libp2p/interface": "^0.1.6",
        "@libp2p/peer-id": "^3.0.6",
        "multiformats": "^12.0.1",
        "protons-runtime": "^5.0.0",
        "uint8arraylist": "^2.4.3",
        "uint8arrays": "^4.0.6"
      }
    },
    "node_modules/@multiformats/multiaddr": {
      "version": "12.1.10",
      "resolved": "https://registry.npmmirror.com/@multiformats/multiaddr/-/multiaddr-12.1.10.tgz",
      "integrity": "sha512-Bi3nJ/SE17+te40OLxFOpr9CvRodusZZLYZb3e5a0w9RzQcHzfKnnlfqdysLXZ2W5vXgxCUL/Uhndl51Ff2S+Q==",
      "dependencies": {
        "@chainsafe/is-ip": "^2.0.1",
        "@chainsafe/netmask": "^2.0.0",
        "@libp2p/interface": "^0.1.1",
        "dns-over-http-resolver": "3.0.0",
        "multiformats": "^12.0.1",
        "uint8-varint": "^2.0.1",
        "uint8arrays": "^4.0.2"
      }
    },
    "node_modules/@noble/curves": {
      "version": "1.2.0",
      "resolved": "https://registry.npmmirror.com/@noble/curves/-/curves-1.2.0.tgz",
      "integrity": "sha512-oYclrNgRaM9SsBUBVbb8M6DTV7ZHRTKugureoYEncY5c65HOmRzvSiTE3y5CYaPYJA/GVkrhXEoF0M3Ya9PMnw==",
      "dependencies": {
        "@noble/hashes": "1.3.2"
      }
    },
    "node_modules/@noble/hashes": {
      "version": "1.3.2",
      "resolved": "https://registry.npmmirror.com/@noble/hashes/-/hashes-1.3.2.tgz",
      "integrity": "sha512-MVC8EAQp7MvEcm30KWENFjgR+Mkmf+D189XJTkFIlwohU5hcBbn1ZkKq7KVTi2Hme3PMGF390DaL52beVrIihQ==",
      "engines": {
        "node": ">= 16"
      }
    },
    "node_modules/abortable-iterator": {
      "version": "5.0.1",
      "resolved": "https://registry.npmmirror.com/abortable-iterator/-/abortable-iterator-5.0.1.tgz",
      "integrity": "sha512-hlZ5Z8UwqrKsJcelVPEqDduZowJPBQJ9ZhBC2FXpja3lXy8X6MoI5uMzIgmrA8+3jcVnp8TF/tx+IBBqYJNUrg==",
      "dependencies": {
        "get-iterator": "^2.0.0",
        "it-stream-types": "^2.0.1"
      },
      "engines": {
        "node": ">=16.0.0",
        "npm": ">=7.0.0"
      }
    },
    "node_modules/base64url": {
      "version": "3.0.1",
      "resolved": "https://registry.npmmirror.com/base64url/-/base64url-3.0.1.tgz",
      "integrity": "sha512-ir1UPr3dkwexU7FdV8qBBbNDRUhMmIekYMFZfi+C/sLNnRESKPl23nB9b2pltqfOQNnGzsDdId90AEtG5tCx4A==",
      "engines": {
        "node": ">=6.0.0"
      }
    },
    "node_modules/bcrypto": {
      "version": "5.4.0",
      "resolved": "https://registry.npmmirror.com/bcrypto/-/bcrypto-5.4.0.tgz",
      "integrity": "sha512-KDX2CR29o6ZoqpQndcCxFZAtYA1jDMnXU3jmCfzP44g++Cu7AHHtZN/JbrN/MXAg9SLvtQ8XISG+eVD9zH1+Jg==",
      "hasInstallScript": true,
      "dependencies": {
        "bufio": "~1.0.7",
        "loady": "~0.0.5"
      },
      "engines": {
        "node": ">=8.0.0"
      }
    },
    "node_modules/bigint-buffer": {
      "version": "1.1.5",
      "resolved": "https://registry.npmmirror.com/bigint-buffer/-/bigint-buffer-1.1.5.tgz",
      "integrity": "sha512-trfYco6AoZ+rKhKnxA0hgX0HAbVP/s808/EuDSe2JDzUnCp/xAsli35Orvk67UrTEcwuxZqYZDmfA2RXJgxVvA==",
      "hasInstallScript": true,
      "dependencies": {
        "bindings": "^1.3.0"
      },
      "engines": {
        "node": ">= 10.0.0"
      }
    },
    "node_modules/bindings": {
      "version": "1.5.0",
      "resolved": "https://registry.npmmirror.com/bindings/-/bindings-1.5.0.tgz",
      "integrity": "sha512-p2q/t/mhvuOj/UeLlV6566GD/guowlr0hHxClI0W9m7MWYkL1F0hLo+0Aexs9HSPCtR1SXQ0TD3MMKrXZajbiQ==",
      "dependencies": {
        "file-uri-to-path": "1.0.0"
      }
    },
    "node_modules/bn.js": {
      "version": "5.2.1",
      "resolved": "https://registry.npmmirror.com/bn.js/-/bn.js-5.2.1.tgz",
      "integrity": "sha512-eXRvHzWyYPBuB4NBy0cmYQjGitUrtqwbvlzP3G6VFnNRbsZQIxQ10PbKKHt8gZ/HW/D/747aDl+QkDqg3KQLMQ=="
    },
    "node_modules/bufio": {
      "version": "1.0.7",
      "resolved": "https://registry.npmmirror.com/bufio/-/bufio-1.0.7.tgz",
      "integrity": "sha512-bd1dDQhiC+bEbEfg56IdBv7faWa6OipMs/AFFFvtFnB3wAYjlwQpQRZ0pm6ZkgtfL0pILRXhKxOiQj6UzoMR7A==",
      "engines": {
        "node": ">=8.0.0"
      }
    },
    "node_modules/debug": {
      "version": "4.3.4",
      "resolved": "https://registry.npmmirror.com/debug/-/debug-4.3.4.tgz",
      "integrity": "sha512-PRWFHuSU3eDtQJPvnNY7Jcket1j0t5OuOsFzPPzsekD52Zl8qUfFIPEiswXqIvHWGVHOgX+7G/vCNNhehwxfkQ==",
      "dependencies": {
        "ms": "2.1.2"
      },
      "engines": {
        "node": ">=6.0"
      },
      "peerDependenciesMeta": {
        "supports-color": {
          "optional": true
        }
      }
    },
    "node_modules/dns-over-http-resolver": {
      "version": "3.0.0",
      "resolved": "https://registry.npmmirror.com/dns-over-http-resolver/-/dns-over-http-resolver-3.0.0.tgz",
      "integrity": "sha512-5+BI+B7n8LKhNaEZBYErr+CBd9t5nYtjunByLhrLGtZ+i3TRgiU8yE87pCjEBu2KOwNsD9ljpSXEbZ4S8xih5g==",
      "dependencies": {
        "debug": "^4.3.4",
        "receptacle": "^1.3.2"
      }
    },
    "node_modules/err-code": {
      "version": "3.0.1",
      "resolved": "https://registry.npmmirror.com/err-code/-/err-code-3.0.1.tgz",
      "integrity": "sha512-GiaH0KJUewYok+eeY05IIgjtAe4Yltygk9Wqp1V5yVWLdhf0hYZchRjNIT9bb0mSwRcIusT3cx7PJUf3zEIfUA=="
    },
    "node_modules/file-uri-to-path": {
      "version": "1.0.0",
      "resolved": "https://registry.npmmirror.com/file-uri-to-path/-/file-uri-to-path-1.0.0.tgz",
      "integrity": "sha512-0Zt+s3L7Vf1biwWZ29aARiVYLx7iMGnEUl9x33fbB/j3jR81u/O2LbqK+Bm1CDSNDKVtJ/YjwY7TUd5SkeLQLw=="
    },
    "node_modules/get-iterator": {
      "version": "2.0.1",
      "resolved": "https://registry.npmmirror.com/get-iterator/-/get-iterator-2.0.1.tgz",
      "integrity": "sha512-7HuY/hebu4gryTDT7O/XY/fvY9wRByEGdK6QOa4of8npTcv0+NS6frFKABcf6S9EBAsveTuKTsZQQBFMMNILIg=="
    },
    "node_modules/ip": {
      "version": "1.1.8",
      "resolved": "https://registry.npmmirror.com/ip/-/ip-1.1.8.tgz",
      "integrity": "sha512-PuExPYUiu6qMBQb4l06ecm6T6ujzhmh+MeJcW9wa89PoAz5pvd4zPgN5WJV104mb6S2T1AwNIAaB70JNrLQWhg=="
    },
    "node_modules/it-pushable": {
      "version": "3.2.3",
      "resolved": "https://registry.npmmirror.com/it-pushable/-/it-pushable-3.2.3.tgz",
      "integrity": "sha512-gzYnXYK8Y5t5b/BnJUr7glfQLO4U5vyb05gPx/TyTw+4Bv1zM9gFk4YsOrnulWefMewlphCjKkakFvj1y99Tcg==",
      "dependencies": {
        "p-defer": "^4.0.0"
      }
    },
    "node_modules/it-stream-types": {
      "version": "2.0.1",
      "resolved": "https://registry.npmmirror.com/it-stream-types/-/it-stream-types-2.0.1.tgz",
      "integrity": "sha512-6DmOs5r7ERDbvS4q8yLKENcj6Yecr7QQTqWApbZdfAUTEC947d+PEha7PCqhm//9oxaLYL7TWRekwhoXl2s6fg==",
      "engines": {
        "node": ">=16.0.0",
        "npm": ">=7.0.0"
      }
    },
    "node_modules/loady": {
      "version": "0.0.5",
      "resolved": "https://registry.npmmirror.com/loady/-/loady-0.0.5.tgz",
      "integrity": "sha512-uxKD2HIj042/HBx77NBcmEPsD+hxCgAtjEWlYNScuUjIsh/62Uyu39GOR68TBR68v+jqDL9zfftCWoUo4y03sQ==",
      "engines": {
        "node": ">=8.0.0"
      }
    },
    "node_modules/lru-cache": {
      "version": "6.0.0",
      "resolved": "https://registry.npmmirror.com/lru-cache/-/lru-cache-6.0.0.tgz",
      "integrity": "sha512-Jo6dJ04CmSjuznwJSS3pUeWmd/H0ffTlkXXgwZi+eq1UCmqQwCh+eLsYOYCwY991i2Fah4h1BEMCx4qThGbsiA==",
      "dependencies": {
        "yallist": "^4.0.0"
      },
      "engines": {
        "node": ">=10"
      }
    },
    "node_modules/ms": {
      "version": "2.1.2",
      "resolved": "https://registry.npmmirror.com/ms/-/ms-2.1.2.tgz",
      "integrity": "sha512-sGkPx+VjMtmA6MX27oA4FBFELFCZZ4S4XqeGOXCv68tT+jb3vk/RyaKWP0PTKyWtmLSM0b+adUTEvbs1PEaH2w=="
    },
    "node_modules/multiformats": {
      "version": "12.1.3",
      "resolved": "https://registry.npmmirror.com/multiformats/-/multiformats-12.1.3.tgz",
      "integrity": "sha512-eajQ/ZH7qXZQR2AgtfpmSMizQzmyYVmCql7pdhldPuYQi4atACekbJaQplk6dWyIi10jCaFnd6pqvcEFXjbaJw==",
      "engines": {
        "node": ">=16.0.0",
        "npm": ">=7.0.0"
      }
    },
    "node_modules/node-forge": {
      "version": "1.3.1",
      "resolved": "https://registry.npmmirror.com/node-forge/-/node-forge-1.3.1.tgz",
      "integrity": "sha512-dPEtOeMvF9VMcYV/1Wb8CPoVAXtp6MKMlcbAt4ddqmGqUJ6fQZFXkNZNkNlfevtNkGtaSoXf/vNNNSvgrdXwtA==",
      "engines": {
        "node": ">= 6.13.0"
      }
    },
    "node_modules/p-defer": {
      "version": "4.0.0",
      "resolved": "https://registry.npmmirror.com/p-defer/-/p-defer-4.0.0.tgz",
      "integrity": "sha512-Vb3QRvQ0Y5XnF40ZUWW7JfLogicVh/EnA5gBIvKDJoYpeI82+1E3AlB9yOcKFS0AhHrWVnAQO39fbR0G99IVEQ==",
      "engines": {
        "node": ">=12"
      }
    },
    "node_modules/protons-runtime": {
      "version": "5.2.0",
      "resolved": "https://registry.npmmirror.com/protons-runtime/-/protons-runtime-5.2.0.tgz",
      "integrity": "sha512-jL3VSbXllgm17zurKQ/z+Ath0w+4BknJ+l/NLocfjAB8hbeASOZTNtb7zK3nDsKq2pHK9YFumNQvpkZ6gFfWhA==",
      "dependencies": {
        "uint8arraylist": "^2.4.3",
        "uint8arrays": "^4.0.6"
      }
    },
    "node_modules/race-signal": {
      "version": "1.0.2",
      "resolved": "https://registry.npmmirror.com/race-signal/-/race-signal-1.0.2.tgz",
      "integrity": "sha512-o3xNv0iTcIDQCXFlF6fPAMEBRjFxssgGoRqLbg06m+AdzEXXLUmoNOoUHTVz2NoBI8hHwKFKoC6IqyNtWr2bww=="
    },
    "node_modules/receptacle": {
      "version": "1.3.2",
      "resolved": "https://registry.npmmirror.com/receptacle/-/receptacle-1.3.2.tgz",
      "integrity": "sha512-HrsFvqZZheusncQRiEE7GatOAETrARKV/lnfYicIm8lbvp/JQOdADOfhjBd2DajvoszEyxSM6RlAAIZgEoeu/A==",
      "dependencies": {
        "ms": "^2.1.1"
      }
    },
    "node_modules/rlp": {
      "version": "2.2.7",
      "resolved": "https://registry.npmmirror.com/rlp/-/rlp-2.2.7.tgz",
      "integrity": "sha512-d5gdPmgQ0Z+AklL2NVXr/IoSjNZFfTVvQWzL/AM2AOcSzYP2xjlb0AC8YyCLc41MSNf6P6QVtjgPdmVtzb+4lQ==",
      "dependencies": {
        "bn.js": "^5.2.0"
      },
      "bin": {
        "rlp": "bin/rlp"
      }
    },
    "node_modules/strict-event-emitter-types": {
      "version": "2.0.0",
      "resolved": "https://registry.npmmirror.com/strict-event-emitter-types/-/strict-event-emitter-types-2.0.0.tgz",
      "integrity": "sha512-Nk/brWYpD85WlOgzw5h173aci0Teyv8YdIAEtV+N88nDB0dLlazZyJMIsN6eo1/AR61l+p6CJTG1JIyFaoNEEA=="
    },
    "node_modules/uint8-varint": {
      "version": "2.0.2",
      "resolved": "https://registry.npmmirror.com/uint8-varint/-/uint8-varint-2.0.2.tgz",
      "integrity": "sha512-LZXmBT0jiHR7J4oKM1GUhtdLFW1yPauzI8NjJlotXn92TprO9u8VMvEVR4QMk8xhUVUd+2fqfU2/kGbVHYSSWw==",
      "dependencies": {
        "uint8arraylist": "^2.0.0",
        "uint8arrays": "^4.0.2"
      }
    },
    "node_modules/uint8arraylist": {
      "version": "2.4.3",
      "resolved": "https://registry.npmmirror.com/uint8arraylist/-/uint8arraylist-2.4.3.tgz",
      "integrity": "sha512-oEVZr4/GrH87K0kjNce6z8pSCzLEPqHNLNR5sj8cJOySrTP8Vb/pMIbZKLJGhQKxm1TiZ31atNrpn820Pyqpow==",
      "dependencies": {
        "uint8arrays": "^4.0.2"
      },
      "engines": {
        "node": ">=16.0.0",
        "npm": ">=7.0.0"
      }
    },
    "node_modules/uint8arrays": {
      "version": "4.0.6",
      "resolved": "https://registry.npmmirror.com/uint8arrays/-/uint8arrays-4.0.6.tgz",
      "integrity": "sha512-4ZesjQhqOU2Ip6GPReIwN60wRxIupavL8T0Iy36BBHr2qyMrNxsPJvr7vpS4eFt8F8kSguWUPad6ZM9izs/vyw==",
      "dependencies": {
        "multiformats": "^12.0.1"
      }
    },
    "node_modules/yallist": {
      "version": "4.0.0",
      "resolved": "https://registry.npmmirror.com/yallist/-/yallist-4.0.0.tgz",
      "integrity": "sha512-3wdGidZyq5PB084XLES5TpOSRA3wjXAlIWMhum2kRcv/41Sn2emQ0dycQW4uZXLejwKvg6EsvbdlVL+FYEct7A=="
    }
  },
  "dependencies": {
    "@chainsafe/discv5": {
      "version": "5.1.2",
      "resolved": "https://registry.npmmirror.com/@chainsafe/discv5/-/discv5-5.1.2.tgz",
      "integrity": "sha512-DiyccUIRojCR9kHfkGeTKaboLUVRjc1bhfGskWmsBISbT4UlQ+vV8RXmCNTBCvC+0W93cv4djmsOA0uzhQyINA==",
      "requires": {
        "@libp2p/crypto": "^2.0.0",
        "@libp2p/interface": "^0.1.2",
        "@libp2p/peer-id": "^3.0.1",
        "@multiformats/multiaddr": "^12.1.3",
        "base64url": "^3.0.1",
        "bcrypto": "^5.4.0",
        "bigint-buffer": "^1.1.5",
        "debug": "^4.3.1",
        "err-code": "^3.0.1",
        "lru-cache": "^6.0.0",
        "rlp": "^2.2.6",
        "strict-event-emitter-types": "^2.0.0",
        "uint8-varint": "^2.0.1"
      }
    },
    "@chainsafe/is-ip": {
      "version": "2.0.2",
      "resolved": "https://registry.npmmirror.com/@chainsafe/is-ip/-/is-ip-2.0.2.tgz",
      "integrity": "sha512-ndGqEMG1W5WkGagaqOZHpPU172AGdxr+LD15sv3WIUvT5oCFUrG1Y0CW/v2Egwj4JXEvSibaIIIqImsm98y1nA=="
    },
    "@chainsafe/netmask": {
      "version": "2.0.0",
      "resolved": "https://registry.npmmirror.com/@chainsafe/netmask/-/netmask-2.0.0.tgz",
      "integrity": "sha512-I3Z+6SWUoaljh3TBzCnCxjlUyN8tA+NAk5L6m9IxvCf1BENQTePzPMis97CoN/iMW1St3WN+AWCCRp+TTBRiDg==",
      "requires": {
        "@chainsafe/is-ip": "^2.0.1"
      }
    },
    "@libp2p/crypto": {
      "version": "2.0.8",
      "resolved": "https://registry.npmmirror.com/@libp2p/crypto/-/crypto-2.0.8.tgz",
      "integrity": "sha512-8e5fh6bsJNpSjhrggtlm8QF+BERjelJswIjRS69aKgxp24R4z2kDM4pRYPkfQjXJDLNDtqWtKNmePgX23+QJsA==",
      "requires": {
        "@libp2p/interface": "^0.1.6",
        "@noble/curves": "^1.1.0",
        "@noble/hashes": "^1.3.1",
        "multiformats": "^12.0.1",
        "node-forge": "^1.1.0",
        "protons-runtime": "^5.0.0",
        "uint8arraylist": "^2.4.3",
        "uint8arrays": "^4.0.6"
      }
    },
    "@libp2p/interface": {
      "version": "0.1.6",
      "resolved": "https://registry.npmmirror.com/@libp2p/interface/-/interface-0.1.6.tgz",
      "integrity": "sha512-Lzc5cS/hXuoXhuAbVIxJIHLCYmfPcbU0vVgrpMoiP1Qb2Q3ETU4A46GB8s8mWXgSU6tr9RcqerUqzFYD6+OAag==",
      "requires": {
        "@multiformats/multiaddr": "^12.1.5",
        "abortable-iterator": "^5.0.1",
        "it-pushable": "^3.2.0",
        "it-stream-types": "^2.0.1",
        "multiformats": "^12.0.1",
        "p-defer": "^4.0.0",
        "race-signal": "^1.0.0",
        "uint8arraylist": "^2.4.3"
      }
    },
    "@libp2p/peer-id": {
      "version": "3.0.6",
      "resolved": "https://registry.npmmirror.com/@libp2p/peer-id/-/peer-id-3.0.6.tgz",
      "integrity": "sha512-iN1Ia5gH2U1V/GOVRmLHmVY6fblxzrOPUoZrMYjHl/K4s+AiI7ym/527WDeQvhQpD7j3TfDwcAYforD2dLGpLw==",
      "requires": {
        "@libp2p/interface": "^0.1.6",
        "multiformats": "^12.0.1",
        "uint8arrays": "^4.0.6"
      }
    },
    "@libp2p/peer-id-factory": {
      "version": "3.0.8",
      "resolved": "https://registry.npmmirror.com/@libp2p/peer-id-factory/-/peer-id-factory-3.0.8.tgz",
      "integrity": "sha512-T0pOKWwFw01GqpeA03RRztG2qr0Zl2cSdt20d/WQ+BAjyrJNr7PSBTXux3nRGGdmzoUfJTJU6f992PDtq1z/mQ==",
      "requires": {
        "@libp2p/crypto": "^2.0.8",
        "@libp2p/interface": "^0.1.6",
        "@libp2p/peer-id": "^3.0.6",
        "multiformats": "^12.0.1",
        "protons-runtime": "^5.0.0",
        "uint8arraylist": "^2.4.3",
        "uint8arrays": "^4.0.6"
      }
    },
    "@multiformats/multiaddr": {
      "version": "12.1.10",
      "resolved": "https://registry.npmmirror.com/@multiformats/multiaddr/-/multiaddr-12.1.10.tgz",
      "integrity": "sha512-Bi3nJ/SE17+te40OLxFOpr9CvRodusZZLYZb3e5a0w9RzQcHzfKnnlfqdysLXZ2W5vXgxCUL/Uhndl51Ff2S+Q==",
      "requires": {
        "@chainsafe/is-ip": "^2.0.1",
        "@chainsafe/netmask": "^2.0.0",
        "@libp2p/interface": "^0.1.1",
        "dns-over-http-resolver": "3.0.0",
        "multiformats": "^12.0.1",
        "uint8-varint": "^2.0.1",
        "uint8arrays": "^4.0.2"
      }
    },
    "@noble/curves": {
      "version": "1.2.0",
      "resolved": "https://registry.npmmirror.com/@noble/curves/-/curves-1.2.0.tgz",
      "integrity": "sha512-oYclrNgRaM9SsBUBVbb8M6DTV7ZHRTKugureoYEncY5c65HOmRzvSiTE3y5CYaPYJA/GVkrhXEoF0M3Ya9PMnw==",
      "requires": {
        "@noble/hashes": "1.3.2"
      }
    },
    "@noble/hashes": {
      "version": "1.3.2",
      "resolved": "https://registry.npmmirror.com/@noble/hashes/-/hashes-1.3.2.tgz",
      "integrity": "sha512-MVC8EAQp7MvEcm30KWENFjgR+Mkmf+D189XJTkFIlwohU5hcBbn1ZkKq7KVTi2Hme3PMGF390DaL52beVrIihQ=="
    },
    "abortable-iterator": {
      "version": "5.0.1",
      "resolved": "https://registry.npmmirror.com/abortable-iterator/-/abortable-iterator-5.0.1.tgz",
      "integrity": "sha512-hlZ5Z8UwqrKsJcelVPEqDduZowJPBQJ9ZhBC2FXpja3lXy8X6MoI5uMzIgmrA8+3jcVnp8TF/tx+IBBqYJNUrg==",
      "requires": {
        "get-iterator": "^2.0.0",
        "it-stream-types": "^2.0.1"
      }
    },
    "base64url": {
      "version": "3.0.1",
      "resolved": "https://registry.npmmirror.com/base64url/-/base64url-3.0.1.tgz",
      "integrity": "sha512-ir1UPr3dkwexU7FdV8qBBbNDRUhMmIekYMFZfi+C/sLNnRESKPl23nB9b2pltqfOQNnGzsDdId90AEtG5tCx4A=="
    },
    "bcrypto": {
      "version": "5.4.0",
      "resolved": "https://registry.npmmirror.com/bcrypto/-/bcrypto-5.4.0.tgz",
      "integrity": "sha512-KDX2CR29o6ZoqpQndcCxFZAtYA1jDMnXU3jmCfzP44g++Cu7AHHtZN/JbrN/MXAg9SLvtQ8XISG+eVD9zH1+Jg==",
      "requires": {
        "bufio": "~1.0.7",
        "loady": "~0.0.5"
      }
    },
    "bigint-buffer": {
      "version": "1.1.5",
      "resolved": "https://registry.npmmirror.com/bigint-buffer/-/bigint-buffer-1.1.5.tgz",
      "integrity": "sha512-trfYco6AoZ+rKhKnxA0hgX0HAbVP/s808/EuDSe2JDzUnCp/xAsli35Orvk67UrTEcwuxZqYZDmfA2RXJgxVvA==",
      "requires": {
        "bindings": "^1.3.0"
      }
    },
    "bindings": {
      "version": "1.5.0",
      "resolved": "https://registry.npmmirror.com/bindings/-/bindings-1.5.0.tgz",
      "integrity": "sha512-p2q/t/mhvuOj/UeLlV6566GD/guowlr0hHxClI0W9m7MWYkL1F0hLo+0Aexs9HSPCtR1SXQ0TD3MMKrXZajbiQ==",
      "requires": {
        "file-uri-to-path": "1.0.0"
      }
    },
    "bn.js": {
      "version": "5.2.1",
      "resolved": "https://registry.npmmirror.com/bn.js/-/bn.js-5.2.1.tgz",
      "integrity": "sha512-eXRvHzWyYPBuB4NBy0cmYQjGitUrtqwbvlzP3G6VFnNRbsZQIxQ10PbKKHt8gZ/HW/D/747aDl+QkDqg3KQLMQ=="
    },
    "bufio": {
      "version": "1.0.7",
      "resolved": "https://registry.npmmirror.com/bufio/-/bufio-1.0.7.tgz",
      "integrity": "sha512-bd1dDQhiC+bEbEfg56IdBv7faWa6OipMs/AFFFvtFnB3wAYjlwQpQRZ0pm6ZkgtfL0pILRXhKxOiQj6UzoMR7A=="
    },
    "debug": {
      "version": "4.3.4",
      "resolved": "https://registry.npmmirror.com/debug/-/debug-4.3.4.tgz",
      "integrity": "sha512-PRWFHuSU3eDtQJPvnNY7Jcket1j0t5OuOsFzPPzsekD52Zl8qUfFIPEiswXqIvHWGVHOgX+7G/vCNNhehwxfkQ==",
      "requires": {
        "ms": "2.1.2"
      }
    },
    "dns-over-http-resolver": {
      "version": "3.0.0",
      "resolved": "https://registry.npmmirror.com/dns-over-http-resolver/-/dns-over-http-resolver-3.0.0.tgz",
      "integrity": "sha512-5+BI+B7n8LKhNaEZBYErr+CBd9t5nYtjunByLhrLGtZ+i3TRgiU8yE87pCjEBu2KOwNsD9ljpSXEbZ4S8xih5g==",
      "requires": {
        "debug": "^4.3.4",
        "receptacle": "^1.3.2"
      }
    },
    "err-code": {
      "version": "3.0.1",
      "resolved": "https://registry.npmmirror.com/err-code/-/err-code-3.0.1.tgz",
      "integrity": "sha512-GiaH0KJUewYok+eeY05IIgjtAe4Yltygk9Wqp1V5yVWLdhf0hYZchRjNIT9bb0mSwRcIusT3cx7PJUf3zEIfUA=="
    },
    "file-uri-to-path": {
      "version": "1.0.0",
      "resolved": "https://registry.npmmirror.com/file-uri-to-path/-/file-uri-to-path-1.0.0.tgz",
      "integrity": "sha512-0Zt+s3L7Vf1biwWZ29aARiVYLx7iMGnEUl9x33fbB/j3jR81u/O2LbqK+Bm1CDSNDKVtJ/YjwY7TUd5SkeLQLw=="
    },
    "get-iterator": {
      "version": "2.0.1",
      "resolved": "https://registry.npmmirror.com/get-iterator/-/get-iterator-2.0.1.tgz",
      "integrity": "sha512-7HuY/hebu4gryTDT7O/XY/fvY9wRByEGdK6QOa4of8npTcv0+NS6frFKABcf6S9EBAsveTuKTsZQQBFMMNILIg=="
    },
    "ip": {
      "version": "1.1.8",
      "resolved": "https://registry.npmmirror.com/ip/-/ip-1.1.8.tgz",
      "integrity": "sha512-PuExPYUiu6qMBQb4l06ecm6T6ujzhmh+MeJcW9wa89PoAz5pvd4zPgN5WJV104mb6S2T1AwNIAaB70JNrLQWhg=="
    },
    "it-pushable": {
      "version": "3.2.3",
      "resolved": "https://registry.npmmirror.com/it-pushable/-/it-pushable-3.2.3.tgz",
      "integrity": "sha512-gzYnXYK8Y5t5b/BnJUr7glfQLO4U5vyb05gPx/TyTw+4Bv1zM9gFk4YsOrnulWefMewlphCjKkakFvj1y99Tcg==",
      "requires": {
        "p-defer": "^4.0.0"
      }
    },
    "it-stream-types": {
      "version": "2.0.1",
      "resolved": "https://registry.npmmirror.com/it-stream-types/-/it-stream-types-2.0.1.tgz",
      "integrity": "sha512-6DmOs5r7ERDbvS4q8yLKENcj6Yecr7QQTqWApbZdfAUTEC947d+PEha7PCqhm//9oxaLYL7TWRekwhoXl2s6fg=="
    },
    "loady": {
      "version": "0.0.5",
      "resolved": "https://registry.npmmirror.com/loady/-/loady-0.0.5.tgz",
      "integrity": "sha512-uxKD2HIj042/HBx77NBcmEPsD+hxCgAtjEWlYNScuUjIsh/62Uyu39GOR68TBR68v+jqDL9zfftCWoUo4y03sQ=="
    },
    "lru-cache": {
      "version": "6.0.0",
      "resolved": "https://registry.npmmirror.com/lru-cache/-/lru-cache-6.0.0.tgz",
      "integrity": "sha512-Jo6dJ04CmSjuznwJSS3pUeWmd/H0ffTlkXXgwZi+eq1UCmqQwCh+eLsYOYCwY991i2Fah4h1BEMCx4qThGbsiA==",
      "requires": {
        "yallist": "^4.0.0"
      }
    },
    "ms": {
      "version": "2.1.2",
      "resolved": "https://registry.npmmirror.com/ms/-/ms-2.1.2.tgz",
      "integrity": "sha512-sGkPx+VjMtmA6MX27oA4FBFELFCZZ4S4XqeGOXCv68tT+jb3vk/RyaKWP0PTKyWtmLSM0b+adUTEvbs1PEaH2w=="
    },
    "multiformats": {
      "version": "12.1.3",
      "resolved": "https://registry.npmmirror.com/multiformats/-/multiformats-12.1.3.tgz",
      "integrity": "sha512-eajQ/ZH7qXZQR2AgtfpmSMizQzmyYVmCql7pdhldPuYQi4atACekbJaQplk6dWyIi10jCaFnd6pqvcEFXjbaJw=="
    },
    "node-forge": {
      "version": "1.3.1",
      "resolved": "https://registry.npmmirror.com/node-forge/-/node-forge-1.3.1.tgz",
      "integrity": "sha512-dPEtOeMvF9VMcYV/1Wb8CPoVAXtp6MKMlcbAt4ddqmGqUJ6fQZFXkNZNkNlfevtNkGtaSoXf/vNNNSvgrdXwtA=="
    },
    "p-defer": {
      "version": "4.0.0",
      "resolved": "https://registry.npmmirror.com/p-defer/-/p-defer-4.0.0.tgz",
      "integrity": "sha512-Vb3QRvQ0Y5XnF40ZUWW7JfLogicVh/EnA5gBIvKDJoYpeI82+1E3AlB9yOcKFS0AhHrWVnAQO39fbR0G99IVEQ=="
    },
    "protons-runtime": {
      "version": "5.2.0",
      "resolved": "https://registry.npmmirror.com/protons-runtime/-/protons-runtime-5.2.0.tgz",
      "integrity": "sha512-jL3VSbXllgm17zurKQ/z+Ath0w+4BknJ+l/NLocfjAB8hbeASOZTNtb7zK3nDsKq2pHK9YFumNQvpkZ6gFfWhA==",
      "requires": {
        "uint8arraylist": "^2.4.3",
        "uint8arrays": "^4.0.6"
      }
    },
    "race-signal": {
      "version": "1.0.2",
      "resolved": "https://registry.npmmirror.com/race-signal/-/race-signal-1.0.2.tgz",
      "integrity": "sha512-o3xNv0iTcIDQCXFlF6fPAMEBRjFxssgGoRqLbg06m+AdzEXXLUmoNOoUHTVz2NoBI8hHwKFKoC6IqyNtWr2bww=="
    },
    "receptacle": {
      "version": "1.3.2",
      "resolved": "https://registry.npmmirror.com/receptacle/-/receptacle-1.3.2.tgz",
      "integrity": "sha512-HrsFvqZZheusncQRiEE7GatOAETrARKV/lnfYicIm8lbvp/JQOdADOfhjBd2DajvoszEyxSM6RlAAIZgEoeu/A==",
      "requires": {
        "ms": "^2.1.1"
      }
    },
    "rlp": {
      "version": "2.2.7",
      "resolved": "https://registry.npmmirror.com/rlp/-/rlp-2.2.7.tgz",
      "integrity": "sha512-d5gdPmgQ0Z+AklL2NVXr/IoSjNZFfTVvQWzL/AM2AOcSzYP2xjlb0AC8YyCLc41MSNf6P6QVtjgPdmVtzb+4lQ==",
      "requires": {
        "bn.js": "^5.2.0"
      }
    },
    "strict-event-emitter-types": {
      "version": "2.0.0",
      "resolved": "https://registry.npmmirror.com/strict-event-emitter-types/-/strict-event-emitter-types-2.0.0.tgz",
      "integrity": "sha512-Nk/brWYpD85WlOgzw5h173aci0Teyv8YdIAEtV+N88nDB0dLlazZyJMIsN6eo1/AR61l+p6CJTG1JIyFaoNEEA=="
    },
    "uint8-varint": {
      "version": "2.0.2",
      "resolved": "https://registry.npmmirror.com/uint8-varint/-/uint8-varint-2.0.2.tgz",
      "integrity": "sha512-LZXmBT0jiHR7J4oKM1GUhtdLFW1yPauzI8NjJlotXn92TprO9u8VMvEVR4QMk8xhUVUd+2fqfU2/kGbVHYSSWw==",
      "requires": {
        "uint8arraylist": "^2.0.0",
        "uint8arrays": "^4.0.2"
      }
    },
    "uint8arraylist": {
      "version": "2.4.3",
      "resolved": "https://registry.npmmirror.com/uint8arraylist/-/uint8arraylist-2.4.3.tgz",
      "integrity": "sha512-oEVZr4/GrH87K0kjNce6z8pSCzLEPqHNLNR5sj8cJOySrTP8Vb/pMIbZKLJGhQKxm1TiZ31atNrpn820Pyqpow==",
      "requires": {
        "uint8arrays": "^4.0.2"
      }
    },
    "uint8arrays": {
      "version": "4.0.6",
      "resolved": "https://registry.npmmirror.com/uint8arrays/-/uint8arrays-4.0.6.tgz",
      "integrity": "sha512-4ZesjQhqOU2Ip6GPReIwN60wRxIupavL8T0Iy36BBHr2qyMrNxsPJvr7vpS4eFt8F8kSguWUPad6ZM9izs/vyw==",
      "requires": {
        "multiformats": "^12.0.1"
      }
    },
    "yallist": {
      "version": "4.0.0",
      "resolved": "https://registry.npmmirror.com/yallist/-/yallist-4.0.0.tgz",
      "integrity": "sha512-3wdGidZyq5PB084XLES5TpOSRA3wjXAlIWMhum2kRcv/41Sn2emQ0dycQW4uZXLejwKvg6EsvbdlVL+FYEct7A=="
    }
  }
}
